
Microsoft Visual Studio Solution File, Format Version 12.00
# Visual Studio Version 17
VisualStudioVersion = 17.1.32210.238
MinimumVisualStudioVersion = 10.0.40219.1
Project("{FAE04EC0-301F-11D3-BF4B-00C04F79EFBC}") = "aspnetrun-microservices", "aspnetrun-microservices\aspnetrun-microservices.csproj", "{916CF754-33AA-4300-B269-CF9C3B9AAD91}"
EndProject
Global
	GlobalSection(SolutionConfigurationPlatforms) = preSolution
		Debug|Any CPU = Debug|Any CPU
		Release|Any CPU = Release|Any CPU
	EndGlobalSection
	GlobalSection(ProjectConfigurationPlatforms) = postSolution
		{916CF754-33AA-4300-B269-CF9C3B9AAD91}.Debug|Any CPU.ActiveCfg = Debug|Any CPU
		{916CF754-33AA-4300-B269-CF9C3B9AAD91}.Debug|Any CPU.Build.0 = Debug|Any CPU
		{916CF754-33AA-4300-B269-CF9C3B9AAD91}.Release|Any CPU.ActiveCfg = Release|Any CPU
		{916CF754-33AA-4300-B269-CF9C3B9AAD91}.Release|Any CPU.Build.0 = Release|Any CPU
	EndGlobalSection
	GlobalSection(SolutionProperties) = preSolution
		HideSolutionNode = FALSE
	EndGlobalSection
	GlobalSection(ExtensibilityGlobals) = postSolution
		SolutionGuid = {138908BC-8D23-4F00-9195-23187D235104}
	EndGlobalSection
EndGlobal
